<?xml version="1.0" encoding="utf-8"?>
<Project ToolsVersion="4.0" xmlns="http://schemas.microsoft.com/developer/msbuild/2003">
  <ItemGroup>
    <Filter Include="Source Files">
      <UniqueIdentifier>{4FC737F1-C7A5-4376-A066-2A32D752A2FF}</UniqueIdentifier>
      <Extensions>cpp;c;cc;cxx;c++;cppm;ixx;def;odl;idl;hpj;bat;asm;asmx</Extensions>
    </Filter>
    <Filter Include="Header Files">
      <UniqueIdentifier>{93995380-89BD-4b04-88EB-625FBE52EBFB}</UniqueIdentifier>
      <Extensions>h;hh;hpp;hxx;h++;hm;inl;inc;ipp;xsd</Extensions>
    </Filter>
    <Filter Include="Resource Files">
      <UniqueIdentifier>{67DA6AB6-F800-4c08-8B7A-83BB121AAD01}</UniqueIdentifier>
      <Extensions>rc;ico;cur;bmp;dlg;rc2;rct;bin;rgs;gif;jpg;jpeg;jpe;resx;tiff;tif;png;wav;mfcribbon-ms</Extensions>
    </Filter>
  </ItemGroup>
  <ItemGroup>
    <None Include="packages.config" />
  </ItemGroup>
  <ItemGroup>
    <ClCompile Include="arena.cpp">
      <Filter>Source Files</Filter>
    </ClCompile>
    <ClCompile Include="blocks.cpp">
      <Filter>Source Files</Filter>
    </ClCompile>
    <ClCompile Include="creature.cpp">
      <Filter>Source Files</Filter>
    </ClCompile>
    <ClCompile Include="crumblingPlatform.cpp">
      <Filter>Source Files</Filter>
    </ClCompile>
    <ClCompile Include="crushingBlock.cpp">
      <Filter>Source Files</Filter>
    </ClCompile>
    <ClCompile Include="door.cpp">
      <Filter>Source Files</Filter>
    </ClCompile>
    <ClCompile Include="end_trigger.cpp">
      <Filter>Source Files</Filter>
    </ClCompile>
    <ClCompile Include="entities.cpp">
      <Filter>Source Files</Filter>
    </ClCompile>
    <ClCompile Include="exit.cpp">
      <Filter>Source Files</Filter>
    </ClCompile>
    <ClCompile Include="fileio.cpp">
      <Filter>Source Files</Filter>
    </ClCompile>
    <ClCompile Include="game.cpp">
      <Filter>Source Files</Filter>
    </ClCompile>
    <ClCompile Include="goldcoins.cpp">
      <Filter>Source Files</Filter>
    </ClCompile>
    <ClCompile Include="heart.cpp">
      <Filter>Source Files</Filter>
    </ClCompile>
    <ClCompile Include="hero.cpp">
      <Filter>Source Files</Filter>
    </ClCompile>
    <ClCompile Include="hiscore.cpp">
      <Filter>Source Files</Filter>
    </ClCompile>
    <ClCompile Include="hud.cpp">
      <Filter>Source Files</Filter>
    </ClCompile>
    <ClCompile Include="idol.cpp">
      <Filter>Source Files</Filter>
    </ClCompile>
    <ClCompile Include="input.cpp">
      <Filter>Source Files</Filter>
    </ClCompile>
    <ClCompile Include="keys.cpp">
      <Filter>Source Files</Filter>
    </ClCompile>
    <ClCompile Include="level_objects.cpp">
      <Filter>Source Files</Filter>
    </ClCompile>
    <ClCompile Include="lever.cpp">
      <Filter>Source Files</Filter>
    </ClCompile>
    <ClCompile Include="lives.cpp">
      <Filter>Source Files</Filter>
    </ClCompile>
    <ClCompile Include="main.cpp">
      <Filter>Source Files</Filter>
    </ClCompile>
    <ClCompile Include="menu.cpp">
      <Filter>Source Files</Filter>
    </ClCompile>
    <ClCompile Include="monster.cpp">
      <Filter>Source Files</Filter>
    </ClCompile>
    <ClCompile Include="movableBlock.cpp">
      <Filter>Source Files</Filter>
    </ClCompile>
    <ClCompile Include="movingPlatform.cpp">
      <Filter>Source Files</Filter>
    </ClCompile>
    <ClCompile Include="options.cpp">
      <Filter>Source Files</Filter>
    </ClCompile>
    <ClCompile Include="particleSystem.cpp">
      <Filter>Source Files</Filter>
    </ClCompile>
    <ClCompile Include="pickups.cpp">
      <Filter>Source Files</Filter>
    </ClCompile>
    <ClCompile Include="shooting_monster.cpp">
      <Filter>Source Files</Filter>
    </ClCompile>
  </ItemGroup>
  <ItemGroup>
    <ClInclude Include="arena.h">
      <Filter>Header Files</Filter>
    </ClInclude>
    <ClInclude Include="blocks.h">
      <Filter>Header Files</Filter>
    </ClInclude>
    <ClInclude Include="creature.h">
      <Filter>Header Files</Filter>
    </ClInclude>
    <ClInclude Include="crumblingPlatform.h">
      <Filter>Header Files</Filter>
    </ClInclude>
    <ClInclude Include="crushingBlock.h">
      <Filter>Header Files</Filter>
    </ClInclude>
    <ClInclude Include="door.h">
      <Filter>Header Files</Filter>
    </ClInclude>
    <ClInclude Include="end_trigger.h">
      <Filter>Header Files</Filter>
    </ClInclude>
    <ClInclude Include="entities.h">
      <Filter>Header Files</Filter>
    </ClInclude>
    <ClInclude Include="exit.h">
      <Filter>Header Files</Filter>
    </ClInclude>
    <ClInclude Include="fileio.h">
      <Filter>Header Files</Filter>
    </ClInclude>
    <ClInclude Include="game.h">
      <Filter>Header Files</Filter>
    </ClInclude>
    <ClInclude Include="goldcoins.h">
      <Filter>Header Files</Filter>
    </ClInclude>
    <ClInclude Include="heart.h">
      <Filter>Header Files</Filter>
    </ClInclude>
    <ClInclude Include="hero.h">
      <Filter>Header Files</Filter>
    </ClInclude>
    <ClInclude Include="hiscore.h">
      <Filter>Header Files</Filter>
    </ClInclude>
    <ClInclude Include="hud.h">
      <Filter>Header Files</Filter>
    </ClInclude>
    <ClInclude Include="idol.h">
      <Filter>Header Files</Filter>
    </ClInclude>
    <ClInclude Include="input.h">
      <Filter>Header Files</Filter>
    </ClInclude>
    <ClInclude Include="keys.h">
      <Filter>Header Files</Filter>
    </ClInclude>
    <ClInclude Include="level_objects.h">
      <Filter>Header Files</Filter>
    </ClInclude>
    <ClInclude Include="lever.h">
      <Filter>Header Files</Filter>
    </ClInclude>
    <ClInclude Include="lives.h">
      <Filter>Header Files</Filter>
    </ClInclude>
    <ClInclude Include="menu.h">
      <Filter>Header Files</Filter>
    </ClInclude>
    <ClInclude Include="monster.h">
      <Filter>Header Files</Filter>
    </ClInclude>
    <ClInclude Include="movableBlock.h">
      <Filter>Header Files</Filter>
    </ClInclude>
    <ClInclude Include="movingPlatform.h">
      <Filter>Header Files</Filter>
    </ClInclude>
    <ClInclude Include="options.h">
      <Filter>Header Files</Filter>
    </ClInclude>
    <ClInclude Include="particleSystem.h">
      <Filter>Header Files</Filter>
    </ClInclude>
    <ClInclude Include="pickups.h">
      <Filter>Header Files</Filter>
    </ClInclude>
    <ClInclude Include="shooting_monster.h">
      <Filter>Header Files</Filter>
    </ClInclude>
  </ItemGroup>
</Project>